{
  "object": {
    "pins": [
      {
        "package": "CoordinatorRouter",
        "repositoryURL": "https://github.com/danielfcodes/CoordinatorRouterPackage",
        "state": {
          "branch": null,
          "revision": "96efb54d0edb617ba79057459cd48c4ff2f2a9d3",
          "version": "1.0.0"
        }
      },
      {
        "package": "R.swift.Library",
        "repositoryURL": "https://github.com/mac-cain13/R.swift.Library",
        "state": {
          "branch": null,
          "revision": "8998cfe77f4fce79ee6dfab0c88a7d551659d8fb",
          "version": "5.4.0"
        }
      }
    ]
  },
  "version": 1
}
